
Microsoft Visual Studio Solution File, Format Version 12.00
# Visual Studio Version 16
VisualStudioVersion = 16.0.30114.105
MinimumVisualStudioVersion = 10.0.40219.1
Project("{2150E333-8FDC-42A3-9474-1A3956D46DE8}") = "src", "src", "{E8E20254-6891-433C-84FF-52DFC94EA292}"
EndProject
Project("{FAE04EC0-301F-11D3-BF4B-00C04F79EFBC}") = "YoloBroker", "src\YoloBroker\YoloBroker.csproj", "{6CEB18AF-6588-421F-8303-9102C59930AF}"
EndProject
Project("{FAE04EC0-301F-11D3-BF4B-00C04F79EFBC}") = "YoloKonsole", "src\YoloKonsole\YoloKonsole.csproj", "{CE18900E-67DD-49D4-9B71-2E13212B0400}"
EndProject
Project("{FAE04EC0-301F-11D3-BF4B-00C04F79EFBC}") = "YoloTrades", "src\YoloTrades\YoloTrades.csproj", "{E8DDFA76-7140-4506-A156-77E623308A7F}"
EndProject
Project("{FAE04EC0-301F-11D3-BF4B-00C04F79EFBC}") = "RobotWealth.Api", "src\RobotWealth.Api\RobotWealth.Api.csproj", "{82582AC9-1569-4E1A-A724-42D25088C751}"
EndProject
Project("{FAE04EC0-301F-11D3-BF4B-00C04F79EFBC}") = "YoloAbstractions", "src\YoloAbstractions\YoloAbstractions.csproj", "{B1D36677-2C46-4F17-BF96-5F9104244483}"
EndProject
Project("{FAE04EC0-301F-11D3-BF4B-00C04F79EFBC}") = "YoloTrades.Test", "test\YoloTrades.Test\YoloTrades.Test.csproj", "{D4D82FF0-D055-4230-998D-9BFF5B93DCA7}"
EndProject
Project("{2150E333-8FDC-42A3-9474-1A3956D46DE8}") = "test", "test", "{E9457A4D-974E-4C74-BB44-7F4759DA4AE6}"
EndProject
Project("{FAE04EC0-301F-11D3-BF4B-00C04F79EFBC}") = "YoloAbstractions.Test", "test\YoloAbstractions.Test\YoloAbstractions.Test.csproj", "{97CAF73F-9223-475A-B631-907F0B0804DA}"
EndProject
Project("{FAE04EC0-301F-11D3-BF4B-00C04F79EFBC}") = "YoloBroker.Hyperliquid", "src\YoloBroker.Hyperliquid\YoloBroker.Hyperliquid.csproj", "{B767C7AF-E9F3-4F4F-BA24-9417E9977276}"
EndProject
Project("{FAE04EC0-301F-11D3-BF4B-00C04F79EFBC}") = "YoloBroker.Hyperliquid.Test", "test\YoloBroker.Hyperliquid.Test\YoloBroker.Hyperliquid.Test.csproj", "{7D6D6ECB-7FA1-4337-845B-275F92FB64B4}"
EndProject
Project("{2150E333-8FDC-42A3-9474-1A3956D46DE8}") = "Solution items", "Solution items", "{D19AD92A-270F-4F56-8DB3-5E2FA96337F6}"
	ProjectSection(SolutionItems) = preProject
		Directory.Packages.props = Directory.Packages.props
	EndProjectSection
EndProject
Project("{FAE04EC0-301F-11D3-BF4B-00C04F79EFBC}") = "Unravel.Api", "src\Unravel.Api\Unravel.Api.csproj", "{AB615B77-37D2-4211-912C-35357BA0D281}"
EndProject
Project("{FAE04EC0-301F-11D3-BF4B-00C04F79EFBC}") = "YoloWeights", "src\YoloWeights\YoloWeights.csproj", "{EA3E9972-9BA0-4CA5-94D8-10D0463BD349}"
EndProject
Project("{FAE04EC0-301F-11D3-BF4B-00C04F79EFBC}") = "YoloWeights.Test", "test\YoloWeights.Test\YoloWeights.Test.csproj", "{8DA1D89C-F84C-481C-A017-5F832774349B}"
EndProject
Project("{FAE04EC0-301F-11D3-BF4B-00C04F79EFBC}") = "Unravel.Api.Test", "test\Unravel.Api.Test\Unravel.Api.Test.csproj", "{EAB6735B-4E68-44A0-8161-E6F4003DF2A9}"
EndProject
Project("{FAE04EC0-301F-11D3-BF4B-00C04F79EFBC}") = "Robotwealth.Api.Test", "test\Robotwealth.Api.Test\Robotwealth.Api.Test.csproj", "{44F13BF8-FA2D-4D1A-AAF2-0D84E5306489}"
EndProject
Global
	GlobalSection(SolutionConfigurationPlatforms) = preSolution
		Debug|Any CPU = Debug|Any CPU
		Debug|x64 = Debug|x64
		Debug|x86 = Debug|x86
		Release|Any CPU = Release|Any CPU
		Release|x64 = Release|x64
		Release|x86 = Release|x86
	EndGlobalSection
	GlobalSection(ProjectConfigurationPlatforms) = postSolution
		{6CEB18AF-6588-421F-8303-9102C59930AF}.Debug|Any CPU.ActiveCfg = Debug|Any CPU
		{6CEB18AF-6588-421F-8303-9102C59930AF}.Debug|Any CPU.Build.0 = Debug|Any CPU
		{6CEB18AF-6588-421F-8303-9102C59930AF}.Debug|x64.ActiveCfg = Debug|Any CPU
		{6CEB18AF-6588-421F-8303-9102C59930AF}.Debug|x64.Build.0 = Debug|Any CPU
		{6CEB18AF-6588-421F-8303-9102C59930AF}.Debug|x86.ActiveCfg = Debug|Any CPU
		{6CEB18AF-6588-421F-8303-9102C59930AF}.Debug|x86.Build.0 = Debug|Any CPU
		{6CEB18AF-6588-421F-8303-9102C59930AF}.Release|Any CPU.ActiveCfg = Release|Any CPU
		{6CEB18AF-6588-421F-8303-9102C59930AF}.Release|Any CPU.Build.0 = Release|Any CPU
		{6CEB18AF-6588-421F-8303-9102C59930AF}.Release|x64.ActiveCfg = Release|Any CPU
		{6CEB18AF-6588-421F-8303-9102C59930AF}.Release|x64.Build.0 = Release|Any CPU
		{6CEB18AF-6588-421F-8303-9102C59930AF}.Release|x86.ActiveCfg = Release|Any CPU
		{6CEB18AF-6588-421F-8303-9102C59930AF}.Release|x86.Build.0 = Release|Any CPU
		{CE18900E-67DD-49D4-9B71-2E13212B0400}.Debug|Any CPU.ActiveCfg = Debug|Any CPU
		{CE18900E-67DD-49D4-9B71-2E13212B0400}.Debug|Any CPU.Build.0 = Debug|Any CPU
		{CE18900E-67DD-49D4-9B71-2E13212B0400}.Debug|x64.ActiveCfg = Debug|Any CPU
		{CE18900E-67DD-49D4-9B71-2E13212B0400}.Debug|x64.Build.0 = Debug|Any CPU
		{CE18900E-67DD-49D4-9B71-2E13212B0400}.Debug|x86.ActiveCfg = Debug|Any CPU
		{CE18900E-67DD-49D4-9B71-2E13212B0400}.Debug|x86.Build.0 = Debug|Any CPU
		{CE18900E-67DD-49D4-9B71-2E13212B0400}.Release|Any CPU.ActiveCfg = Release|Any CPU
		{CE18900E-67DD-49D4-9B71-2E13212B0400}.Release|Any CPU.Build.0 = Release|Any CPU
		{CE18900E-67DD-49D4-9B71-2E13212B0400}.Release|x64.ActiveCfg = Release|Any CPU
		{CE18900E-67DD-49D4-9B71-2E13212B0400}.Release|x64.Build.0 = Release|Any CPU
		{CE18900E-67DD-49D4-9B71-2E13212B0400}.Release|x86.ActiveCfg = Release|Any CPU
		{CE18900E-67DD-49D4-9B71-2E13212B0400}.Release|x86.Build.0 = Release|Any CPU
		{E8DDFA76-7140-4506-A156-77E623308A7F}.Debug|Any CPU.ActiveCfg = Debug|Any CPU
		{E8DDFA76-7140-4506-A156-77E623308A7F}.Debug|Any CPU.Build.0 = Debug|Any CPU
		{E8DDFA76-7140-4506-A156-77E623308A7F}.Debug|x64.ActiveCfg = Debug|Any CPU
		{E8DDFA76-7140-4506-A156-77E623308A7F}.Debug|x64.Build.0 = Debug|Any CPU
		{E8DDFA76-7140-4506-A156-77E623308A7F}.Debug|x86.ActiveCfg = Debug|Any CPU
		{E8DDFA76-7140-4506-A156-77E623308A7F}.Debug|x86.Build.0 = Debug|Any CPU
		{E8DDFA76-7140-4506-A156-77E623308A7F}.Release|Any CPU.ActiveCfg = Release|Any CPU
		{E8DDFA76-7140-4506-A156-77E623308A7F}.Release|Any CPU.Build.0 = Release|Any CPU
		{E8DDFA76-7140-4506-A156-77E623308A7F}.Release|x64.ActiveCfg = Release|Any CPU
		{E8DDFA76-7140-4506-A156-77E623308A7F}.Release|x64.Build.0 = Release|Any CPU
		{E8DDFA76-7140-4506-A156-77E623308A7F}.Release|x86.ActiveCfg = Release|Any CPU
		{E8DDFA76-7140-4506-A156-77E623308A7F}.Release|x86.Build.0 = Release|Any CPU
		{82582AC9-1569-4E1A-A724-42D25088C751}.Debug|Any CPU.ActiveCfg = Debug|Any CPU
		{82582AC9-1569-4E1A-A724-42D25088C751}.Debug|Any CPU.Build.0 = Debug|Any CPU
		{82582AC9-1569-4E1A-A724-42D25088C751}.Debug|x64.ActiveCfg = Debug|Any CPU
		{82582AC9-1569-4E1A-A724-42D25088C751}.Debug|x64.Build.0 = Debug|Any CPU
		{82582AC9-1569-4E1A-A724-42D25088C751}.Debug|x86.ActiveCfg = Debug|Any CPU
		{82582AC9-1569-4E1A-A724-42D25088C751}.Debug|x86.Build.0 = Debug|Any CPU
		{82582AC9-1569-4E1A-A724-42D25088C751}.Release|Any CPU.ActiveCfg = Release|Any CPU
		{82582AC9-1569-4E1A-A724-42D25088C751}.Release|Any CPU.Build.0 = Release|Any CPU
		{82582AC9-1569-4E1A-A724-42D25088C751}.Release|x64.ActiveCfg = Release|Any CPU
		{82582AC9-1569-4E1A-A724-42D25088C751}.Release|x64.Build.0 = Release|Any CPU
		{82582AC9-1569-4E1A-A724-42D25088C751}.Release|x86.ActiveCfg = Release|Any CPU
		{82582AC9-1569-4E1A-A724-42D25088C751}.Release|x86.Build.0 = Release|Any CPU
		{B1D36677-2C46-4F17-BF96-5F9104244483}.Debug|Any CPU.ActiveCfg = Debug|Any CPU
		{B1D36677-2C46-4F17-BF96-5F9104244483}.Debug|Any CPU.Build.0 = Debug|Any CPU
		{B1D36677-2C46-4F17-BF96-5F9104244483}.Debug|x64.ActiveCfg = Debug|Any CPU
		{B1D36677-2C46-4F17-BF96-5F9104244483}.Debug|x64.Build.0 = Debug|Any CPU
		{B1D36677-2C46-4F17-BF96-5F9104244483}.Debug|x86.ActiveCfg = Debug|Any CPU
		{B1D36677-2C46-4F17-BF96-5F9104244483}.Debug|x86.Build.0 = Debug|Any CPU
		{B1D36677-2C46-4F17-BF96-5F9104244483}.Release|Any CPU.ActiveCfg = Release|Any CPU
		{B1D36677-2C46-4F17-BF96-5F9104244483}.Release|Any CPU.Build.0 = Release|Any CPU
		{B1D36677-2C46-4F17-BF96-5F9104244483}.Release|x64.ActiveCfg = Release|Any CPU
		{B1D36677-2C46-4F17-BF96-5F9104244483}.Release|x64.Build.0 = Release|Any CPU
		{B1D36677-2C46-4F17-BF96-5F9104244483}.Release|x86.ActiveCfg = Release|Any CPU
		{B1D36677-2C46-4F17-BF96-5F9104244483}.Release|x86.Build.0 = Release|Any CPU
		{D4D82FF0-D055-4230-998D-9BFF5B93DCA7}.Debug|Any CPU.ActiveCfg = Debug|Any CPU
		{D4D82FF0-D055-4230-998D-9BFF5B93DCA7}.Debug|Any CPU.Build.0 = Debug|Any CPU
		{D4D82FF0-D055-4230-998D-9BFF5B93DCA7}.Debug|x64.ActiveCfg = Debug|Any CPU
		{D4D82FF0-D055-4230-998D-9BFF5B93DCA7}.Debug|x64.Build.0 = Debug|Any CPU
		{D4D82FF0-D055-4230-998D-9BFF5B93DCA7}.Debug|x86.ActiveCfg = Debug|Any CPU
		{D4D82FF0-D055-4230-998D-9BFF5B93DCA7}.Debug|x86.Build.0 = Debug|Any CPU
		{D4D82FF0-D055-4230-998D-9BFF5B93DCA7}.Release|Any CPU.ActiveCfg = Release|Any CPU
		{D4D82FF0-D055-4230-998D-9BFF5B93DCA7}.Release|Any CPU.Build.0 = Release|Any CPU
		{D4D82FF0-D055-4230-998D-9BFF5B93DCA7}.Release|x64.ActiveCfg = Release|Any CPU
		{D4D82FF0-D055-4230-998D-9BFF5B93DCA7}.Release|x64.Build.0 = Release|Any CPU
		{D4D82FF0-D055-4230-998D-9BFF5B93DCA7}.Release|x86.ActiveCfg = Release|Any CPU
		{D4D82FF0-D055-4230-998D-9BFF5B93DCA7}.Release|x86.Build.0 = Release|Any CPU
		{97CAF73F-9223-475A-B631-907F0B0804DA}.Debug|Any CPU.ActiveCfg = Debug|Any CPU
		{97CAF73F-9223-475A-B631-907F0B0804DA}.Debug|Any CPU.Build.0 = Debug|Any CPU
		{97CAF73F-9223-475A-B631-907F0B0804DA}.Debug|x64.ActiveCfg = Debug|Any CPU
		{97CAF73F-9223-475A-B631-907F0B0804DA}.Debug|x64.Build.0 = Debug|Any CPU
		{97CAF73F-9223-475A-B631-907F0B0804DA}.Debug|x86.ActiveCfg = Debug|Any CPU
		{97CAF73F-9223-475A-B631-907F0B0804DA}.Debug|x86.Build.0 = Debug|Any CPU
		{97CAF73F-9223-475A-B631-907F0B0804DA}.Release|Any CPU.ActiveCfg = Release|Any CPU
		{97CAF73F-9223-475A-B631-907F0B0804DA}.Release|Any CPU.Build.0 = Release|Any CPU
		{97CAF73F-9223-475A-B631-907F0B0804DA}.Release|x64.ActiveCfg = Release|Any CPU
		{97CAF73F-9223-475A-B631-907F0B0804DA}.Release|x64.Build.0 = Release|Any CPU
		{97CAF73F-9223-475A-B631-907F0B0804DA}.Release|x86.ActiveCfg = Release|Any CPU
		{97CAF73F-9223-475A-B631-907F0B0804DA}.Release|x86.Build.0 = Release|Any CPU
		{B767C7AF-E9F3-4F4F-BA24-9417E9977276}.Debug|Any CPU.ActiveCfg = Debug|Any CPU
		{B767C7AF-E9F3-4F4F-BA24-9417E9977276}.Debug|Any CPU.Build.0 = Debug|Any CPU
		{B767C7AF-E9F3-4F4F-BA24-9417E9977276}.Debug|x64.ActiveCfg = Debug|Any CPU
		{B767C7AF-E9F3-4F4F-BA24-9417E9977276}.Debug|x64.Build.0 = Debug|Any CPU
		{B767C7AF-E9F3-4F4F-BA24-9417E9977276}.Debug|x86.ActiveCfg = Debug|Any CPU
		{B767C7AF-E9F3-4F4F-BA24-9417E9977276}.Debug|x86.Build.0 = Debug|Any CPU
		{B767C7AF-E9F3-4F4F-BA24-9417E9977276}.Release|Any CPU.ActiveCfg = Release|Any CPU
		{B767C7AF-E9F3-4F4F-BA24-9417E9977276}.Release|Any CPU.Build.0 = Release|Any CPU
		{B767C7AF-E9F3-4F4F-BA24-9417E9977276}.Release|x64.ActiveCfg = Release|Any CPU
		{B767C7AF-E9F3-4F4F-BA24-9417E9977276}.Release|x64.Build.0 = Release|Any CPU
		{B767C7AF-E9F3-4F4F-BA24-9417E9977276}.Release|x86.ActiveCfg = Release|Any CPU
		{B767C7AF-E9F3-4F4F-BA24-9417E9977276}.Release|x86.Build.0 = Release|Any CPU
		{7D6D6ECB-7FA1-4337-845B-275F92FB64B4}.Debug|Any CPU.ActiveCfg = Debug|Any CPU
		{7D6D6ECB-7FA1-4337-845B-275F92FB64B4}.Debug|Any CPU.Build.0 = Debug|Any CPU
		{7D6D6ECB-7FA1-4337-845B-275F92FB64B4}.Debug|x64.ActiveCfg = Debug|Any CPU
		{7D6D6ECB-7FA1-4337-845B-275F92FB64B4}.Debug|x64.Build.0 = Debug|Any CPU
		{7D6D6ECB-7FA1-4337-845B-275F92FB64B4}.Debug|x86.ActiveCfg = Debug|Any CPU
		{7D6D6ECB-7FA1-4337-845B-275F92FB64B4}.Debug|x86.Build.0 = Debug|Any CPU
		{7D6D6ECB-7FA1-4337-845B-275F92FB64B4}.Release|Any CPU.ActiveCfg = Release|Any CPU
		{7D6D6ECB-7FA1-4337-845B-275F92FB64B4}.Release|Any CPU.Build.0 = Release|Any CPU
		{7D6D6ECB-7FA1-4337-845B-275F92FB64B4}.Release|x64.ActiveCfg = Release|Any CPU
		{7D6D6ECB-7FA1-4337-845B-275F92FB64B4}.Release|x64.Build.0 = Release|Any CPU
		{7D6D6ECB-7FA1-4337-845B-275F92FB64B4}.Release|x86.ActiveCfg = Release|Any CPU
		{7D6D6ECB-7FA1-4337-845B-275F92FB64B4}.Release|x86.Build.0 = Release|Any CPU
		{AB615B77-37D2-4211-912C-35357BA0D281}.Debug|Any CPU.ActiveCfg = Debug|Any CPU
		{AB615B77-37D2-4211-912C-35357BA0D281}.Debug|Any CPU.Build.0 = Debug|Any CPU
		{AB615B77-37D2-4211-912C-35357BA0D281}.Debug|x64.ActiveCfg = Debug|Any CPU
		{AB615B77-37D2-4211-912C-35357BA0D281}.Debug|x64.Build.0 = Debug|Any CPU
		{AB615B77-37D2-4211-912C-35357BA0D281}.Debug|x86.ActiveCfg = Debug|Any CPU
		{AB615B77-37D2-4211-912C-35357BA0D281}.Debug|x86.Build.0 = Debug|Any CPU
		{AB615B77-37D2-4211-912C-35357BA0D281}.Release|Any CPU.ActiveCfg = Release|Any CPU
		{AB615B77-37D2-4211-912C-35357BA0D281}.Release|Any CPU.Build.0 = Release|Any CPU
		{AB615B77-37D2-4211-912C-35357BA0D281}.Release|x64.ActiveCfg = Release|Any CPU
		{AB615B77-37D2-4211-912C-35357BA0D281}.Release|x64.Build.0 = Release|Any CPU
		{AB615B77-37D2-4211-912C-35357BA0D281}.Release|x86.ActiveCfg = Release|Any CPU
		{AB615B77-37D2-4211-912C-35357BA0D281}.Release|x86.Build.0 = Release|Any CPU
		{EA3E9972-9BA0-4CA5-94D8-10D0463BD349}.Debug|Any CPU.ActiveCfg = Debug|Any CPU
		{EA3E9972-9BA0-4CA5-94D8-10D0463BD349}.Debug|Any CPU.Build.0 = Debug|Any CPU
		{EA3E9972-9BA0-4CA5-94D8-10D0463BD349}.Debug|x64.ActiveCfg = Debug|Any CPU
		{EA3E9972-9BA0-4CA5-94D8-10D0463BD349}.Debug|x64.Build.0 = Debug|Any CPU
		{EA3E9972-9BA0-4CA5-94D8-10D0463BD349}.Debug|x86.ActiveCfg = Debug|Any CPU
		{EA3E9972-9BA0-4CA5-94D8-10D0463BD349}.Debug|x86.Build.0 = Debug|Any CPU
		{EA3E9972-9BA0-4CA5-94D8-10D0463BD349}.Release|Any CPU.ActiveCfg = Release|Any CPU
		{EA3E9972-9BA0-4CA5-94D8-10D0463BD349}.Release|Any CPU.Build.0 = Release|Any CPU
		{EA3E9972-9BA0-4CA5-94D8-10D0463BD349}.Release|x64.ActiveCfg = Release|Any CPU
		{EA3E9972-9BA0-4CA5-94D8-10D0463BD349}.Release|x64.Build.0 = Release|Any CPU
		{EA3E9972-9BA0-4CA5-94D8-10D0463BD349}.Release|x86.ActiveCfg = Release|Any CPU
		{EA3E9972-9BA0-4CA5-94D8-10D0463BD349}.Release|x86.Build.0 = Release|Any CPU
		{8DA1D89C-F84C-481C-A017-5F832774349B}.Debug|Any CPU.ActiveCfg = Debug|Any CPU
		{8DA1D89C-F84C-481C-A017-5F832774349B}.Debug|Any CPU.Build.0 = Debug|Any CPU
		{8DA1D89C-F84C-481C-A017-5F832774349B}.Debug|x64.ActiveCfg = Debug|Any CPU
		{8DA1D89C-F84C-481C-A017-5F832774349B}.Debug|x64.Build.0 = Debug|Any CPU
		{8DA1D89C-F84C-481C-A017-5F832774349B}.Debug|x86.ActiveCfg = Debug|Any CPU
		{8DA1D89C-F84C-481C-A017-5F832774349B}.Debug|x86.Build.0 = Debug|Any CPU
		{8DA1D89C-F84C-481C-A017-5F832774349B}.Release|Any CPU.ActiveCfg = Release|Any CPU
		{8DA1D89C-F84C-481C-A017-5F832774349B}.Release|Any CPU.Build.0 = Release|Any CPU
		{8DA1D89C-F84C-481C-A017-5F832774349B}.Release|x64.ActiveCfg = Release|Any CPU
		{8DA1D89C-F84C-481C-A017-5F832774349B}.Release|x64.Build.0 = Release|Any CPU
		{8DA1D89C-F84C-481C-A017-5F832774349B}.Release|x86.ActiveCfg = Release|Any CPU
		{8DA1D89C-F84C-481C-A017-5F832774349B}.Release|x86.Build.0 = Release|Any CPU
		{EAB6735B-4E68-44A0-8161-E6F4003DF2A9}.Debug|Any CPU.ActiveCfg = Debug|Any CPU
		{EAB6735B-4E68-44A0-8161-E6F4003DF2A9}.Debug|Any CPU.Build.0 = Debug|Any CPU
		{EAB6735B-4E68-44A0-8161-E6F4003DF2A9}.Debug|x64.ActiveCfg = Debug|Any CPU
		{EAB6735B-4E68-44A0-8161-E6F4003DF2A9}.Debug|x64.Build.0 = Debug|Any CPU
		{EAB6735B-4E68-44A0-8161-E6F4003DF2A9}.Debug|x86.ActiveCfg = Debug|Any CPU
		{EAB6735B-4E68-44A0-8161-E6F4003DF2A9}.Debug|x86.Build.0 = Debug|Any CPU
		{EAB6735B-4E68-44A0-8161-E6F4003DF2A9}.Release|Any CPU.ActiveCfg = Release|Any CPU
		{EAB6735B-4E68-44A0-8161-E6F4003DF2A9}.Release|Any CPU.Build.0 = Release|Any CPU
		{EAB6735B-4E68-44A0-8161-E6F4003DF2A9}.Release|x64.ActiveCfg = Release|Any CPU
		{EAB6735B-4E68-44A0-8161-E6F4003DF2A9}.Release|x64.Build.0 = Release|Any CPU
		{EAB6735B-4E68-44A0-8161-E6F4003DF2A9}.Release|x86.ActiveCfg = Release|Any CPU
		{EAB6735B-4E68-44A0-8161-E6F4003DF2A9}.Release|x86.Build.0 = Release|Any CPU
		{44F13BF8-FA2D-4D1A-AAF2-0D84E5306489}.Debug|Any CPU.ActiveCfg = Debug|Any CPU
		{44F13BF8-FA2D-4D1A-AAF2-0D84E5306489}.Debug|Any CPU.Build.0 = Debug|Any CPU
		{44F13BF8-FA2D-4D1A-AAF2-0D84E5306489}.Debug|x64.ActiveCfg = Debug|Any CPU
		{44F13BF8-FA2D-4D1A-AAF2-0D84E5306489}.Debug|x64.Build.0 = Debug|Any CPU
		{44F13BF8-FA2D-4D1A-AAF2-0D84E5306489}.Debug|x86.ActiveCfg = Debug|Any CPU
		{44F13BF8-FA2D-4D1A-AAF2-0D84E5306489}.Debug|x86.Build.0 = Debug|Any CPU
		{44F13BF8-FA2D-4D1A-AAF2-0D84E5306489}.Release|Any CPU.ActiveCfg = Release|Any CPU
		{44F13BF8-FA2D-4D1A-AAF2-0D84E5306489}.Release|Any CPU.Build.0 = Release|Any CPU
		{44F13BF8-FA2D-4D1A-AAF2-0D84E5306489}.Release|x64.ActiveCfg = Release|Any CPU
		{44F13BF8-FA2D-4D1A-AAF2-0D84E5306489}.Release|x64.Build.0 = Release|Any CPU
		{44F13BF8-FA2D-4D1A-AAF2-0D84E5306489}.Release|x86.ActiveCfg = Release|Any CPU
		{44F13BF8-FA2D-4D1A-AAF2-0D84E5306489}.Release|x86.Build.0 = Release|Any CPU
	EndGlobalSection
	GlobalSection(SolutionProperties) = preSolution
		HideSolutionNode = FALSE
	EndGlobalSection
	GlobalSection(NestedProjects) = preSolution
		{6CEB18AF-6588-421F-8303-9102C59930AF} = {E8E20254-6891-433C-84FF-52DFC94EA292}
		{CE18900E-67DD-49D4-9B71-2E13212B0400} = {E8E20254-6891-433C-84FF-52DFC94EA292}
		{E8DDFA76-7140-4506-A156-77E623308A7F} = {E8E20254-6891-433C-84FF-52DFC94EA292}
		{82582AC9-1569-4E1A-A724-42D25088C751} = {E8E20254-6891-433C-84FF-52DFC94EA292}
		{B1D36677-2C46-4F17-BF96-5F9104244483} = {E8E20254-6891-433C-84FF-52DFC94EA292}
		{D4D82FF0-D055-4230-998D-9BFF5B93DCA7} = {E9457A4D-974E-4C74-BB44-7F4759DA4AE6}
		{97CAF73F-9223-475A-B631-907F0B0804DA} = {E9457A4D-974E-4C74-BB44-7F4759DA4AE6}
		{B767C7AF-E9F3-4F4F-BA24-9417E9977276} = {E8E20254-6891-433C-84FF-52DFC94EA292}
		{7D6D6ECB-7FA1-4337-845B-275F92FB64B4} = {E9457A4D-974E-4C74-BB44-7F4759DA4AE6}
		{AB615B77-37D2-4211-912C-35357BA0D281} = {E8E20254-6891-433C-84FF-52DFC94EA292}
		{EA3E9972-9BA0-4CA5-94D8-10D0463BD349} = {E8E20254-6891-433C-84FF-52DFC94EA292}
		{8DA1D89C-F84C-481C-A017-5F832774349B} = {E9457A4D-974E-4C74-BB44-7F4759DA4AE6}
		{EAB6735B-4E68-44A0-8161-E6F4003DF2A9} = {E9457A4D-974E-4C74-BB44-7F4759DA4AE6}
		{44F13BF8-FA2D-4D1A-AAF2-0D84E5306489} = {E9457A4D-974E-4C74-BB44-7F4759DA4AE6}
	EndGlobalSection
EndGlobal
